
Microsoft Visual Studio Solution File, Format Version 12.00
# Visual Studio Version 17
VisualStudioVersion = 17.0.31903.59
MinimumVisualStudioVersion = 10.0.40219.1
Project("{2150E333-8FDC-42A3-9474-1A3956D46DE8}") = "PP2", "PP2", "{DD5F2952-1069-4BF9-A28E-2D6B028A0712}"
EndProject
Project("{2150E333-8FDC-42A3-9474-1A3956D46DE8}") = "ASP1", "ASP1", "{247F28EB-2823-4986-80F4-6499A2973CCA}"
EndProject
Project("{8BC9CEB8-8B4A-11D0-8D11-00A0C91BC942}") = "DZ1P2", "ASP1\DZ1P2\DZ1P2.vcxproj", "{5623EF16-4576-4CC0-A574-C7E46050A793}"
EndProject
Project("{8BC9CEB8-8B4A-11D0-8D11-00A0C91BC942}") = "DZ1P1", "ASP1\DZ1P1\DZ1P1.vcxproj", "{ACDD2BF5-15E7-4BE5-9663-1BF497E36E0B}"
EndProject
Project("{8BC9CEB8-8B4A-11D0-8D11-00A0C91BC942}") = "DZ1", "PP2\DZ1\DZ1.vcxproj", "{D3589C2F-0963-420E-B466-B0B20C443AC7}"
EndProject
Project("{8BC9CEB8-8B4A-11D0-8D11-00A0C91BC942}") = "DZ2", "ASP1\DZ2\DZ2.vcxproj", "{EEB83EBB-738A-4383-ACCB-E749DCD938FB}"
EndProject
Project("{8BC9CEB8-8B4A-11D0-8D11-00A0C91BC942}") = "DZ2", "PP2\DZ2\DZ2.vcxproj", "{985AFEC7-5798-4659-99BD-C2E227D1687B}"
EndProject
Project("{8BC9CEB8-8B4A-11D0-8D11-00A0C91BC942}") = "DZ3", "PP2\DZ3\DZ3.vcxproj", "{8C37470F-FE0C-4AAD-8F46-054F356C2848}"
EndProject
Project("{8BC9CEB8-8B4A-11D0-8D11-00A0C91BC942}") = "DZ3", "ASP1\DZ3\DZ3.vcxproj", "{F6507D15-D34C-4DFA-8C90-EBEE7B4D80B8}"
EndProject
Project("{8BC9CEB8-8B4A-11D0-8D11-00A0C91BC942}") = "DZ4", "PP2\DZ4\DZ4.vcxproj", "{7C700A24-3DDD-4A93-8501-BAF6EA6339A0}"
EndProject
Project("{8BC9CEB8-8B4A-11D0-8D11-00A0C91BC942}") = "DZ5", "PP2\DZ5\DZ5.vcxproj", "{1188415B-82AE-40D7-B630-F90F73C61BA8}"
EndProject
Project("{2150E333-8FDC-42A3-9474-1A3956D46DE8}") = "ASP2", "ASP2", "{092D459D-86A8-4AD4-B263-C4F1F6E9344A}"
EndProject
Project("{8BC9CEB8-8B4A-11D0-8D11-00A0C91BC942}") = "DZ1P1", "ASP2\DZ1P1\DZ1P1.vcxproj", "{E27B042C-215C-46FB-8F55-2DB796243D38}"
EndProject
Project("{8BC9CEB8-8B4A-11D0-8D11-00A0C91BC942}") = "DZ1P2", "ASP2\DZ1P2\DZ1P2.vcxproj", "{0F247502-7125-43E4-921C-4032EFD58E29}"
EndProject
Project("{2150E333-8FDC-42A3-9474-1A3956D46DE8}") = "OOP1", "OOP1", "{5568050F-4FB7-4787-B2F8-2BF58F1C923F}"
EndProject
Project("{8BC9CEB8-8B4A-11D0-8D11-00A0C91BC942}") = "DZ1", "OOP1\DZ1\DZ1.vcxproj", "{A1ECED1C-4FF1-4596-8AA2-9FDEF2328910}"
EndProject
Project("{8BC9CEB8-8B4A-11D0-8D11-00A0C91BC942}") = "DZ2P1", "OOP1\DZ2P1\DZ2P1.vcxproj", "{ACDA9929-26F1-421F-A828-7194A41A58F3}"
EndProject
Project("{8BC9CEB8-8B4A-11D0-8D11-00A0C91BC942}") = "DZ2P2", "OOP1\DZ2P2\DZ2P2.vcxproj", "{886ADF18-B9A4-4445-BD02-1C15D0EFEB6B}"
EndProject
Project("{8BC9CEB8-8B4A-11D0-8D11-00A0C91BC942}") = "DZ2P3", "OOP1\DZ2P3\DZ2P3.vcxproj", "{6DE43CE9-140E-4312-8AE9-8AD045B962FC}"
EndProject
Project("{8BC9CEB8-8B4A-11D0-8D11-00A0C91BC942}") = "DZ2", "ASP2\DZ2\DZ2.vcxproj", "{9CCB9DF7-81DC-411B-ADB2-8ECF320EFD61}"
EndProject
Project("{8BC9CEB8-8B4A-11D0-8D11-00A0C91BC942}") = "DZ3", "ASP2\DZ3\DZ3.vcxproj", "{43A45140-16D2-4675-847D-243B3FDD5F44}"
EndProject
Project("{8BC9CEB8-8B4A-11D0-8D11-00A0C91BC942}") = "DZ3P2", "OOP1\DZ3P2\DZ3P2.vcxproj", "{B7D6ACA4-E56C-4748-9BEF-99B058342EC4}"
EndProject
Project("{8BC9CEB8-8B4A-11D0-8D11-00A0C91BC942}") = "DZ3P3", "OOP1\DZ3P3\DZ3P3.vcxproj", "{D58390F2-EBE0-414E-A884-7D4542B34F23}"
EndProject
Project("{8BC9CEB8-8B4A-11D0-8D11-00A0C91BC942}") = "DZ3P4", "OOP1\DZ3P4\DZ3P4.vcxproj", "{DEE0B929-D4C3-405D-8443-E5DE2CEDCB70}"
EndProject
Project("{8BC9CEB8-8B4A-11D0-8D11-00A0C91BC942}") = "DZ3P1", "OOP1\DZ3P1\DZ3P1.vcxproj", "{7ADD08A7-A895-4D7A-B55C-4C846C635B53}"
EndProject
Global
	GlobalSection(SolutionConfigurationPlatforms) = preSolution
		Debug|Any CPU = Debug|Any CPU
		Debug|ARM = Debug|ARM
		Debug|ARM64 = Debug|ARM64
		Debug|x64 = Debug|x64
		Debug|x86 = Debug|x86
		Release|Any CPU = Release|Any CPU
		Release|ARM = Release|ARM
		Release|ARM64 = Release|ARM64
		Release|x64 = Release|x64
		Release|x86 = Release|x86
	EndGlobalSection
	GlobalSection(ProjectConfigurationPlatforms) = postSolution
		{5623EF16-4576-4CC0-A574-C7E46050A793}.Debug|Any CPU.ActiveCfg = Debug|Win32
		{5623EF16-4576-4CC0-A574-C7E46050A793}.Debug|ARM.ActiveCfg = Debug|x64
		{5623EF16-4576-4CC0-A574-C7E46050A793}.Debug|ARM.Build.0 = Debug|x64
		{5623EF16-4576-4CC0-A574-C7E46050A793}.Debug|ARM64.ActiveCfg = Debug|x64
		{5623EF16-4576-4CC0-A574-C7E46050A793}.Debug|ARM64.Build.0 = Debug|x64
		{5623EF16-4576-4CC0-A574-C7E46050A793}.Debug|x64.ActiveCfg = Debug|x64
		{5623EF16-4576-4CC0-A574-C7E46050A793}.Debug|x64.Build.0 = Debug|x64
		{5623EF16-4576-4CC0-A574-C7E46050A793}.Debug|x86.ActiveCfg = Debug|Win32
		{5623EF16-4576-4CC0-A574-C7E46050A793}.Debug|x86.Build.0 = Debug|Win32
		{5623EF16-4576-4CC0-A574-C7E46050A793}.Release|Any CPU.ActiveCfg = Release|Win32
		{5623EF16-4576-4CC0-A574-C7E46050A793}.Release|ARM.ActiveCfg = Release|x64
		{5623EF16-4576-4CC0-A574-C7E46050A793}.Release|ARM.Build.0 = Release|x64
		{5623EF16-4576-4CC0-A574-C7E46050A793}.Release|ARM64.ActiveCfg = Release|x64
		{5623EF16-4576-4CC0-A574-C7E46050A793}.Release|ARM64.Build.0 = Release|x64
		{5623EF16-4576-4CC0-A574-C7E46050A793}.Release|x64.ActiveCfg = Release|x64
		{5623EF16-4576-4CC0-A574-C7E46050A793}.Release|x64.Build.0 = Release|x64
		{5623EF16-4576-4CC0-A574-C7E46050A793}.Release|x86.ActiveCfg = Release|Win32
		{5623EF16-4576-4CC0-A574-C7E46050A793}.Release|x86.Build.0 = Release|Win32
		{ACDD2BF5-15E7-4BE5-9663-1BF497E36E0B}.Debug|Any CPU.ActiveCfg = Debug|Win32
		{ACDD2BF5-15E7-4BE5-9663-1BF497E36E0B}.Debug|ARM.ActiveCfg = Debug|x64
		{ACDD2BF5-15E7-4BE5-9663-1BF497E36E0B}.Debug|ARM.Build.0 = Debug|x64
		{ACDD2BF5-15E7-4BE5-9663-1BF497E36E0B}.Debug|ARM64.ActiveCfg = Debug|x64
		{ACDD2BF5-15E7-4BE5-9663-1BF497E36E0B}.Debug|ARM64.Build.0 = Debug|x64
		{ACDD2BF5-15E7-4BE5-9663-1BF497E36E0B}.Debug|x64.ActiveCfg = Debug|x64
		{ACDD2BF5-15E7-4BE5-9663-1BF497E36E0B}.Debug|x64.Build.0 = Debug|x64
		{ACDD2BF5-15E7-4BE5-9663-1BF497E36E0B}.Debug|x86.ActiveCfg = Debug|Win32
		{ACDD2BF5-15E7-4BE5-9663-1BF497E36E0B}.Debug|x86.Build.0 = Debug|Win32
		{ACDD2BF5-15E7-4BE5-9663-1BF497E36E0B}.Release|Any CPU.ActiveCfg = Release|Win32
		{ACDD2BF5-15E7-4BE5-9663-1BF497E36E0B}.Release|ARM.ActiveCfg = Release|x64
		{ACDD2BF5-15E7-4BE5-9663-1BF497E36E0B}.Release|ARM.Build.0 = Release|x64
		{ACDD2BF5-15E7-4BE5-9663-1BF497E36E0B}.Release|ARM64.ActiveCfg = Release|x64
		{ACDD2BF5-15E7-4BE5-9663-1BF497E36E0B}.Release|ARM64.Build.0 = Release|x64
		{ACDD2BF5-15E7-4BE5-9663-1BF497E36E0B}.Release|x64.ActiveCfg = Release|x64
		{ACDD2BF5-15E7-4BE5-9663-1BF497E36E0B}.Release|x64.Build.0 = Release|x64
		{ACDD2BF5-15E7-4BE5-9663-1BF497E36E0B}.Release|x86.ActiveCfg = Release|Win32
		{ACDD2BF5-15E7-4BE5-9663-1BF497E36E0B}.Release|x86.Build.0 = Release|Win32
		{D3589C2F-0963-420E-B466-B0B20C443AC7}.Debug|Any CPU.ActiveCfg = Debug|Win32
		{D3589C2F-0963-420E-B466-B0B20C443AC7}.Debug|ARM.ActiveCfg = Debug|x64
		{D3589C2F-0963-420E-B466-B0B20C443AC7}.Debug|ARM.Build.0 = Debug|x64
		{D3589C2F-0963-420E-B466-B0B20C443AC7}.Debug|ARM64.ActiveCfg = Debug|x64
		{D3589C2F-0963-420E-B466-B0B20C443AC7}.Debug|ARM64.Build.0 = Debug|x64
		{D3589C2F-0963-420E-B466-B0B20C443AC7}.Debug|x64.ActiveCfg = Debug|x64
		{D3589C2F-0963-420E-B466-B0B20C443AC7}.Debug|x64.Build.0 = Debug|x64
		{D3589C2F-0963-420E-B466-B0B20C443AC7}.Debug|x86.ActiveCfg = Debug|Win32
		{D3589C2F-0963-420E-B466-B0B20C443AC7}.Debug|x86.Build.0 = Debug|Win32
		{D3589C2F-0963-420E-B466-B0B20C443AC7}.Release|Any CPU.ActiveCfg = Release|Win32
		{D3589C2F-0963-420E-B466-B0B20C443AC7}.Release|ARM.ActiveCfg = Release|x64
		{D3589C2F-0963-420E-B466-B0B20C443AC7}.Release|ARM.Build.0 = Release|x64
		{D3589C2F-0963-420E-B466-B0B20C443AC7}.Release|ARM64.ActiveCfg = Release|x64
		{D3589C2F-0963-420E-B466-B0B20C443AC7}.Release|ARM64.Build.0 = Release|x64
		{D3589C2F-0963-420E-B466-B0B20C443AC7}.Release|x64.ActiveCfg = Release|x64
		{D3589C2F-0963-420E-B466-B0B20C443AC7}.Release|x64.Build.0 = Release|x64
		{D3589C2F-0963-420E-B466-B0B20C443AC7}.Release|x86.ActiveCfg = Release|Win32
		{D3589C2F-0963-420E-B466-B0B20C443AC7}.Release|x86.Build.0 = Release|Win32
		{EEB83EBB-738A-4383-ACCB-E749DCD938FB}.Debug|Any CPU.ActiveCfg = Debug|Win32
		{EEB83EBB-738A-4383-ACCB-E749DCD938FB}.Debug|ARM.ActiveCfg = Debug|x64
		{EEB83EBB-738A-4383-ACCB-E749DCD938FB}.Debug|ARM.Build.0 = Debug|x64
		{EEB83EBB-738A-4383-ACCB-E749DCD938FB}.Debug|ARM64.ActiveCfg = Debug|x64
		{EEB83EBB-738A-4383-ACCB-E749DCD938FB}.Debug|ARM64.Build.0 = Debug|x64
		{EEB83EBB-738A-4383-ACCB-E749DCD938FB}.Debug|x64.ActiveCfg = Debug|x64
		{EEB83EBB-738A-4383-ACCB-E749DCD938FB}.Debug|x64.Build.0 = Debug|x64
		{EEB83EBB-738A-4383-ACCB-E749DCD938FB}.Debug|x86.ActiveCfg = Debug|Win32
		{EEB83EBB-738A-4383-ACCB-E749DCD938FB}.Debug|x86.Build.0 = Debug|Win32
		{EEB83EBB-738A-4383-ACCB-E749DCD938FB}.Release|Any CPU.ActiveCfg = Release|Win32
		{EEB83EBB-738A-4383-ACCB-E749DCD938FB}.Release|ARM.ActiveCfg = Release|x64
		{EEB83EBB-738A-4383-ACCB-E749DCD938FB}.Release|ARM.Build.0 = Release|x64
		{EEB83EBB-738A-4383-ACCB-E749DCD938FB}.Release|ARM64.ActiveCfg = Release|x64
		{EEB83EBB-738A-4383-ACCB-E749DCD938FB}.Release|ARM64.Build.0 = Release|x64
		{EEB83EBB-738A-4383-ACCB-E749DCD938FB}.Release|x64.ActiveCfg = Release|x64
		{EEB83EBB-738A-4383-ACCB-E749DCD938FB}.Release|x64.Build.0 = Release|x64
		{EEB83EBB-738A-4383-ACCB-E749DCD938FB}.Release|x86.ActiveCfg = Release|Win32
		{EEB83EBB-738A-4383-ACCB-E749DCD938FB}.Release|x86.Build.0 = Release|Win32
		{985AFEC7-5798-4659-99BD-C2E227D1687B}.Debug|Any CPU.ActiveCfg = Debug|Win32
		{985AFEC7-5798-4659-99BD-C2E227D1687B}.Debug|ARM.ActiveCfg = Debug|x64
		{985AFEC7-5798-4659-99BD-C2E227D1687B}.Debug|ARM.Build.0 = Debug|x64
		{985AFEC7-5798-4659-99BD-C2E227D1687B}.Debug|ARM64.ActiveCfg = Debug|x64
		{985AFEC7-5798-4659-99BD-C2E227D1687B}.Debug|ARM64.Build.0 = Debug|x64
		{985AFEC7-5798-4659-99BD-C2E227D1687B}.Debug|x64.ActiveCfg = Debug|x64
		{985AFEC7-5798-4659-99BD-C2E227D1687B}.Debug|x64.Build.0 = Debug|x64
		{985AFEC7-5798-4659-99BD-C2E227D1687B}.Debug|x86.ActiveCfg = Debug|Win32
		{985AFEC7-5798-4659-99BD-C2E227D1687B}.Debug|x86.Build.0 = Debug|Win32
		{985AFEC7-5798-4659-99BD-C2E227D1687B}.Release|Any CPU.ActiveCfg = Release|Win32
		{985AFEC7-5798-4659-99BD-C2E227D1687B}.Release|ARM.ActiveCfg = Release|x64
		{985AFEC7-5798-4659-99BD-C2E227D1687B}.Release|ARM.Build.0 = Release|x64
		{985AFEC7-5798-4659-99BD-C2E227D1687B}.Release|ARM64.ActiveCfg = Release|x64
		{985AFEC7-5798-4659-99BD-C2E227D1687B}.Release|ARM64.Build.0 = Release|x64
		{985AFEC7-5798-4659-99BD-C2E227D1687B}.Release|x64.ActiveCfg = Release|x64
		{985AFEC7-5798-4659-99BD-C2E227D1687B}.Release|x64.Build.0 = Release|x64
		{985AFEC7-5798-4659-99BD-C2E227D1687B}.Release|x86.ActiveCfg = Release|Win32
		{985AFEC7-5798-4659-99BD-C2E227D1687B}.Release|x86.Build.0 = Release|Win32
		{8C37470F-FE0C-4AAD-8F46-054F356C2848}.Debug|Any CPU.ActiveCfg = Debug|Win32
		{8C37470F-FE0C-4AAD-8F46-054F356C2848}.Debug|ARM.ActiveCfg = Debug|x64
		{8C37470F-FE0C-4AAD-8F46-054F356C2848}.Debug|ARM.Build.0 = Debug|x64
		{8C37470F-FE0C-4AAD-8F46-054F356C2848}.Debug|ARM64.ActiveCfg = Debug|x64
		{8C37470F-FE0C-4AAD-8F46-054F356C2848}.Debug|ARM64.Build.0 = Debug|x64
		{8C37470F-FE0C-4AAD-8F46-054F356C2848}.Debug|x64.ActiveCfg = Debug|x64
		{8C37470F-FE0C-4AAD-8F46-054F356C2848}.Debug|x64.Build.0 = Debug|x64
		{8C37470F-FE0C-4AAD-8F46-054F356C2848}.Debug|x86.ActiveCfg = Debug|Win32
		{8C37470F-FE0C-4AAD-8F46-054F356C2848}.Debug|x86.Build.0 = Debug|Win32
		{8C37470F-FE0C-4AAD-8F46-054F356C2848}.Release|Any CPU.ActiveCfg = Release|Win32
		{8C37470F-FE0C-4AAD-8F46-054F356C2848}.Release|ARM.ActiveCfg = Release|x64
		{8C37470F-FE0C-4AAD-8F46-054F356C2848}.Release|ARM.Build.0 = Release|x64
		{8C37470F-FE0C-4AAD-8F46-054F356C2848}.Release|ARM64.ActiveCfg = Release|x64
		{8C37470F-FE0C-4AAD-8F46-054F356C2848}.Release|ARM64.Build.0 = Release|x64
		{8C37470F-FE0C-4AAD-8F46-054F356C2848}.Release|x64.ActiveCfg = Release|x64
		{8C37470F-FE0C-4AAD-8F46-054F356C2848}.Release|x64.Build.0 = Release|x64
		{8C37470F-FE0C-4AAD-8F46-054F356C2848}.Release|x86.ActiveCfg = Release|Win32
		{8C37470F-FE0C-4AAD-8F46-054F356C2848}.Release|x86.Build.0 = Release|Win32
		{F6507D15-D34C-4DFA-8C90-EBEE7B4D80B8}.Debug|Any CPU.ActiveCfg = Debug|Win32
		{F6507D15-D34C-4DFA-8C90-EBEE7B4D80B8}.Debug|ARM.ActiveCfg = Debug|x64
		{F6507D15-D34C-4DFA-8C90-EBEE7B4D80B8}.Debug|ARM.Build.0 = Debug|x64
		{F6507D15-D34C-4DFA-8C90-EBEE7B4D80B8}.Debug|ARM64.ActiveCfg = Debug|x64
		{F6507D15-D34C-4DFA-8C90-EBEE7B4D80B8}.Debug|ARM64.Build.0 = Debug|x64
		{F6507D15-D34C-4DFA-8C90-EBEE7B4D80B8}.Debug|x64.ActiveCfg = Debug|x64
		{F6507D15-D34C-4DFA-8C90-EBEE7B4D80B8}.Debug|x64.Build.0 = Debug|x64
		{F6507D15-D34C-4DFA-8C90-EBEE7B4D80B8}.Debug|x86.ActiveCfg = Debug|Win32
		{F6507D15-D34C-4DFA-8C90-EBEE7B4D80B8}.Debug|x86.Build.0 = Debug|Win32
		{F6507D15-D34C-4DFA-8C90-EBEE7B4D80B8}.Release|Any CPU.ActiveCfg = Release|Win32
		{F6507D15-D34C-4DFA-8C90-EBEE7B4D80B8}.Release|ARM.ActiveCfg = Release|x64
		{F6507D15-D34C-4DFA-8C90-EBEE7B4D80B8}.Release|ARM.Build.0 = Release|x64
		{F6507D15-D34C-4DFA-8C90-EBEE7B4D80B8}.Release|ARM64.ActiveCfg = Release|x64
		{F6507D15-D34C-4DFA-8C90-EBEE7B4D80B8}.Release|ARM64.Build.0 = Release|x64
		{F6507D15-D34C-4DFA-8C90-EBEE7B4D80B8}.Release|x64.ActiveCfg = Release|x64
		{F6507D15-D34C-4DFA-8C90-EBEE7B4D80B8}.Release|x64.Build.0 = Release|x64
		{F6507D15-D34C-4DFA-8C90-EBEE7B4D80B8}.Release|x86.ActiveCfg = Release|Win32
		{F6507D15-D34C-4DFA-8C90-EBEE7B4D80B8}.Release|x86.Build.0 = Release|Win32
		{7C700A24-3DDD-4A93-8501-BAF6EA6339A0}.Debug|Any CPU.ActiveCfg = Debug|Win32
		{7C700A24-3DDD-4A93-8501-BAF6EA6339A0}.Debug|ARM.ActiveCfg = Debug|x64
		{7C700A24-3DDD-4A93-8501-BAF6EA6339A0}.Debug|ARM.Build.0 = Debug|x64
		{7C700A24-3DDD-4A93-8501-BAF6EA6339A0}.Debug|ARM64.ActiveCfg = Debug|x64
		{7C700A24-3DDD-4A93-8501-BAF6EA6339A0}.Debug|ARM64.Build.0 = Debug|x64
		{7C700A24-3DDD-4A93-8501-BAF6EA6339A0}.Debug|x64.ActiveCfg = Debug|x64
		{7C700A24-3DDD-4A93-8501-BAF6EA6339A0}.Debug|x64.Build.0 = Debug|x64
		{7C700A24-3DDD-4A93-8501-BAF6EA6339A0}.Debug|x86.ActiveCfg = Debug|Win32
		{7C700A24-3DDD-4A93-8501-BAF6EA6339A0}.Debug|x86.Build.0 = Debug|Win32
		{7C700A24-3DDD-4A93-8501-BAF6EA6339A0}.Release|Any CPU.ActiveCfg = Release|Win32
		{7C700A24-3DDD-4A93-8501-BAF6EA6339A0}.Release|ARM.ActiveCfg = Release|x64
		{7C700A24-3DDD-4A93-8501-BAF6EA6339A0}.Release|ARM.Build.0 = Release|x64
		{7C700A24-3DDD-4A93-8501-BAF6EA6339A0}.Release|ARM64.ActiveCfg = Release|x64
		{7C700A24-3DDD-4A93-8501-BAF6EA6339A0}.Release|ARM64.Build.0 = Release|x64
		{7C700A24-3DDD-4A93-8501-BAF6EA6339A0}.Release|x64.ActiveCfg = Release|x64
		{7C700A24-3DDD-4A93-8501-BAF6EA6339A0}.Release|x64.Build.0 = Release|x64
		{7C700A24-3DDD-4A93-8501-BAF6EA6339A0}.Release|x86.ActiveCfg = Release|Win32
		{7C700A24-3DDD-4A93-8501-BAF6EA6339A0}.Release|x86.Build.0 = Release|Win32
		{1188415B-82AE-40D7-B630-F90F73C61BA8}.Debug|Any CPU.ActiveCfg = Debug|Win32
		{1188415B-82AE-40D7-B630-F90F73C61BA8}.Debug|ARM.ActiveCfg = Debug|x64
		{1188415B-82AE-40D7-B630-F90F73C61BA8}.Debug|ARM.Build.0 = Debug|x64
		{1188415B-82AE-40D7-B630-F90F73C61BA8}.Debug|ARM64.ActiveCfg = Debug|x64
		{1188415B-82AE-40D7-B630-F90F73C61BA8}.Debug|ARM64.Build.0 = Debug|x64
		{1188415B-82AE-40D7-B630-F90F73C61BA8}.Debug|x64.ActiveCfg = Debug|x64
		{1188415B-82AE-40D7-B630-F90F73C61BA8}.Debug|x64.Build.0 = Debug|x64
		{1188415B-82AE-40D7-B630-F90F73C61BA8}.Debug|x86.ActiveCfg = Debug|Win32
		{1188415B-82AE-40D7-B630-F90F73C61BA8}.Debug|x86.Build.0 = Debug|Win32
		{1188415B-82AE-40D7-B630-F90F73C61BA8}.Release|Any CPU.ActiveCfg = Release|Win32
		{1188415B-82AE-40D7-B630-F90F73C61BA8}.Release|ARM.ActiveCfg = Release|x64
		{1188415B-82AE-40D7-B630-F90F73C61BA8}.Release|ARM.Build.0 = Release|x64
		{1188415B-82AE-40D7-B630-F90F73C61BA8}.Release|ARM64.ActiveCfg = Release|x64
		{1188415B-82AE-40D7-B630-F90F73C61BA8}.Release|ARM64.Build.0 = Release|x64
		{1188415B-82AE-40D7-B630-F90F73C61BA8}.Release|x64.ActiveCfg = Release|x64
		{1188415B-82AE-40D7-B630-F90F73C61BA8}.Release|x64.Build.0 = Release|x64
		{1188415B-82AE-40D7-B630-F90F73C61BA8}.Release|x86.ActiveCfg = Release|Win32
		{1188415B-82AE-40D7-B630-F90F73C61BA8}.Release|x86.Build.0 = Release|Win32
		{E27B042C-215C-46FB-8F55-2DB796243D38}.Debug|Any CPU.ActiveCfg = Debug|Win32
		{E27B042C-215C-46FB-8F55-2DB796243D38}.Debug|ARM.ActiveCfg = Debug|x64
		{E27B042C-215C-46FB-8F55-2DB796243D38}.Debug|ARM.Build.0 = Debug|x64
		{E27B042C-215C-46FB-8F55-2DB796243D38}.Debug|ARM64.ActiveCfg = Debug|x64
		{E27B042C-215C-46FB-8F55-2DB796243D38}.Debug|ARM64.Build.0 = Debug|x64
		{E27B042C-215C-46FB-8F55-2DB796243D38}.Debug|x64.ActiveCfg = Debug|x64
		{E27B042C-215C-46FB-8F55-2DB796243D38}.Debug|x64.Build.0 = Debug|x64
		{E27B042C-215C-46FB-8F55-2DB796243D38}.Debug|x86.ActiveCfg = Debug|Win32
		{E27B042C-215C-46FB-8F55-2DB796243D38}.Debug|x86.Build.0 = Debug|Win32
		{E27B042C-215C-46FB-8F55-2DB796243D38}.Release|Any CPU.ActiveCfg = Release|Win32
		{E27B042C-215C-46FB-8F55-2DB796243D38}.Release|ARM.ActiveCfg = Release|x64
		{E27B042C-215C-46FB-8F55-2DB796243D38}.Release|ARM.Build.0 = Release|x64
		{E27B042C-215C-46FB-8F55-2DB796243D38}.Release|ARM64.ActiveCfg = Release|x64
		{E27B042C-215C-46FB-8F55-2DB796243D38}.Release|ARM64.Build.0 = Release|x64
		{E27B042C-215C-46FB-8F55-2DB796243D38}.Release|x64.ActiveCfg = Release|x64
		{E27B042C-215C-46FB-8F55-2DB796243D38}.Release|x64.Build.0 = Release|x64
		{E27B042C-215C-46FB-8F55-2DB796243D38}.Release|x86.ActiveCfg = Release|Win32
		{E27B042C-215C-46FB-8F55-2DB796243D38}.Release|x86.Build.0 = Release|Win32
		{0F247502-7125-43E4-921C-4032EFD58E29}.Debug|Any CPU.ActiveCfg = Debug|Win32
		{0F247502-7125-43E4-921C-4032EFD58E29}.Debug|ARM.ActiveCfg = Debug|x64
		{0F247502-7125-43E4-921C-4032EFD58E29}.Debug|ARM.Build.0 = Debug|x64
		{0F247502-7125-43E4-921C-4032EFD58E29}.Debug|ARM64.ActiveCfg = Debug|x64
		{0F247502-7125-43E4-921C-4032EFD58E29}.Debug|ARM64.Build.0 = Debug|x64
		{0F247502-7125-43E4-921C-4032EFD58E29}.Debug|x64.ActiveCfg = Debug|x64
		{0F247502-7125-43E4-921C-4032EFD58E29}.Debug|x64.Build.0 = Debug|x64
		{0F247502-7125-43E4-921C-4032EFD58E29}.Debug|x86.ActiveCfg = Debug|Win32
		{0F247502-7125-43E4-921C-4032EFD58E29}.Debug|x86.Build.0 = Debug|Win32
		{0F247502-7125-43E4-921C-4032EFD58E29}.Release|Any CPU.ActiveCfg = Release|Win32
		{0F247502-7125-43E4-921C-4032EFD58E29}.Release|ARM.ActiveCfg = Release|x64
		{0F247502-7125-43E4-921C-4032EFD58E29}.Release|ARM.Build.0 = Release|x64
		{0F247502-7125-43E4-921C-4032EFD58E29}.Release|ARM64.ActiveCfg = Release|x64
		{0F247502-7125-43E4-921C-4032EFD58E29}.Release|ARM64.Build.0 = Release|x64
		{0F247502-7125-43E4-921C-4032EFD58E29}.Release|x64.ActiveCfg = Release|x64
		{0F247502-7125-43E4-921C-4032EFD58E29}.Release|x64.Build.0 = Release|x64
		{0F247502-7125-43E4-921C-4032EFD58E29}.Release|x86.ActiveCfg = Release|Win32
		{0F247502-7125-43E4-921C-4032EFD58E29}.Release|x86.Build.0 = Release|Win32
		{A1ECED1C-4FF1-4596-8AA2-9FDEF2328910}.Debug|Any CPU.ActiveCfg = Debug|Win32
		{A1ECED1C-4FF1-4596-8AA2-9FDEF2328910}.Debug|ARM.ActiveCfg = Debug|x64
		{A1ECED1C-4FF1-4596-8AA2-9FDEF2328910}.Debug|ARM.Build.0 = Debug|x64
		{A1ECED1C-4FF1-4596-8AA2-9FDEF2328910}.Debug|ARM64.ActiveCfg = Debug|x64
		{A1ECED1C-4FF1-4596-8AA2-9FDEF2328910}.Debug|ARM64.Build.0 = Debug|x64
		{A1ECED1C-4FF1-4596-8AA2-9FDEF2328910}.Debug|x64.ActiveCfg = Debug|x64
		{A1ECED1C-4FF1-4596-8AA2-9FDEF2328910}.Debug|x64.Build.0 = Debug|x64
		{A1ECED1C-4FF1-4596-8AA2-9FDEF2328910}.Debug|x86.ActiveCfg = Debug|Win32
		{A1ECED1C-4FF1-4596-8AA2-9FDEF2328910}.Debug|x86.Build.0 = Debug|Win32
		{A1ECED1C-4FF1-4596-8AA2-9FDEF2328910}.Release|Any CPU.ActiveCfg = Release|Win32
		{A1ECED1C-4FF1-4596-8AA2-9FDEF2328910}.Release|ARM.ActiveCfg = Release|x64
		{A1ECED1C-4FF1-4596-8AA2-9FDEF2328910}.Release|ARM.Build.0 = Release|x64
		{A1ECED1C-4FF1-4596-8AA2-9FDEF2328910}.Release|ARM64.ActiveCfg = Release|x64
		{A1ECED1C-4FF1-4596-8AA2-9FDEF2328910}.Release|ARM64.Build.0 = Release|x64
		{A1ECED1C-4FF1-4596-8AA2-9FDEF2328910}.Release|x64.ActiveCfg = Release|x64
		{A1ECED1C-4FF1-4596-8AA2-9FDEF2328910}.Release|x64.Build.0 = Release|x64
		{A1ECED1C-4FF1-4596-8AA2-9FDEF2328910}.Release|x86.ActiveCfg = Release|Win32
		{A1ECED1C-4FF1-4596-8AA2-9FDEF2328910}.Release|x86.Build.0 = Release|Win32
		{ACDA9929-26F1-421F-A828-7194A41A58F3}.Debug|Any CPU.ActiveCfg = Debug|x64
		{ACDA9929-26F1-421F-A828-7194A41A58F3}.Debug|Any CPU.Build.0 = Debug|x64
		{ACDA9929-26F1-421F-A828-7194A41A58F3}.Debug|ARM.ActiveCfg = Debug|x64
		{ACDA9929-26F1-421F-A828-7194A41A58F3}.Debug|ARM.Build.0 = Debug|x64
		{ACDA9929-26F1-421F-A828-7194A41A58F3}.Debug|ARM64.ActiveCfg = Debug|x64
		{ACDA9929-26F1-421F-A828-7194A41A58F3}.Debug|ARM64.Build.0 = Debug|x64
		{ACDA9929-26F1-421F-A828-7194A41A58F3}.Debug|x64.ActiveCfg = Debug|x64
		{ACDA9929-26F1-421F-A828-7194A41A58F3}.Debug|x64.Build.0 = Debug|x64
		{ACDA9929-26F1-421F-A828-7194A41A58F3}.Debug|x86.ActiveCfg = Debug|Win32
		{ACDA9929-26F1-421F-A828-7194A41A58F3}.Debug|x86.Build.0 = Debug|Win32
		{ACDA9929-26F1-421F-A828-7194A41A58F3}.Release|Any CPU.ActiveCfg = Release|x64
		{ACDA9929-26F1-421F-A828-7194A41A58F3}.Release|Any CPU.Build.0 = Release|x64
		{ACDA9929-26F1-421F-A828-7194A41A58F3}.Release|ARM.ActiveCfg = Release|x64
		{ACDA9929-26F1-421F-A828-7194A41A58F3}.Release|ARM.Build.0 = Release|x64
		{ACDA9929-26F1-421F-A828-7194A41A58F3}.Release|ARM64.ActiveCfg = Release|x64
		{ACDA9929-26F1-421F-A828-7194A41A58F3}.Release|ARM64.Build.0 = Release|x64
		{ACDA9929-26F1-421F-A828-7194A41A58F3}.Release|x64.ActiveCfg = Release|x64
		{ACDA9929-26F1-421F-A828-7194A41A58F3}.Release|x64.Build.0 = Release|x64
		{ACDA9929-26F1-421F-A828-7194A41A58F3}.Release|x86.ActiveCfg = Release|Win32
		{ACDA9929-26F1-421F-A828-7194A41A58F3}.Release|x86.Build.0 = Release|Win32
		{886ADF18-B9A4-4445-BD02-1C15D0EFEB6B}.Debug|Any CPU.ActiveCfg = Debug|x64
		{886ADF18-B9A4-4445-BD02-1C15D0EFEB6B}.Debug|Any CPU.Build.0 = Debug|x64
		{886ADF18-B9A4-4445-BD02-1C15D0EFEB6B}.Debug|ARM.ActiveCfg = Debug|x64
		{886ADF18-B9A4-4445-BD02-1C15D0EFEB6B}.Debug|ARM.Build.0 = Debug|x64
		{886ADF18-B9A4-4445-BD02-1C15D0EFEB6B}.Debug|ARM64.ActiveCfg = Debug|x64
		{886ADF18-B9A4-4445-BD02-1C15D0EFEB6B}.Debug|ARM64.Build.0 = Debug|x64
		{886ADF18-B9A4-4445-BD02-1C15D0EFEB6B}.Debug|x64.ActiveCfg = Debug|x64
		{886ADF18-B9A4-4445-BD02-1C15D0EFEB6B}.Debug|x64.Build.0 = Debug|x64
		{886ADF18-B9A4-4445-BD02-1C15D0EFEB6B}.Debug|x86.ActiveCfg = Debug|Win32
		{886ADF18-B9A4-4445-BD02-1C15D0EFEB6B}.Debug|x86.Build.0 = Debug|Win32
		{886ADF18-B9A4-4445-BD02-1C15D0EFEB6B}.Release|Any CPU.ActiveCfg = Release|x64
		{886ADF18-B9A4-4445-BD02-1C15D0EFEB6B}.Release|Any CPU.Build.0 = Release|x64
		{886ADF18-B9A4-4445-BD02-1C15D0EFEB6B}.Release|ARM.ActiveCfg = Release|x64
		{886ADF18-B9A4-4445-BD02-1C15D0EFEB6B}.Release|ARM.Build.0 = Release|x64
		{886ADF18-B9A4-4445-BD02-1C15D0EFEB6B}.Release|ARM64.ActiveCfg = Release|x64
		{886ADF18-B9A4-4445-BD02-1C15D0EFEB6B}.Release|ARM64.Build.0 = Release|x64
		{886ADF18-B9A4-4445-BD02-1C15D0EFEB6B}.Release|x64.ActiveCfg = Release|x64
		{886ADF18-B9A4-4445-BD02-1C15D0EFEB6B}.Release|x64.Build.0 = Release|x64
		{886ADF18-B9A4-4445-BD02-1C15D0EFEB6B}.Release|x86.ActiveCfg = Release|Win32
		{886ADF18-B9A4-4445-BD02-1C15D0EFEB6B}.Release|x86.Build.0 = Release|Win32
		{6DE43CE9-140E-4312-8AE9-8AD045B962FC}.Debug|Any CPU.ActiveCfg = Debug|x64
		{6DE43CE9-140E-4312-8AE9-8AD045B962FC}.Debug|Any CPU.Build.0 = Debug|x64
		{6DE43CE9-140E-4312-8AE9-8AD045B962FC}.Debug|ARM.ActiveCfg = Debug|x64
		{6DE43CE9-140E-4312-8AE9-8AD045B962FC}.Debug|ARM.Build.0 = Debug|x64
		{6DE43CE9-140E-4312-8AE9-8AD045B962FC}.Debug|ARM64.ActiveCfg = Debug|x64
		{6DE43CE9-140E-4312-8AE9-8AD045B962FC}.Debug|ARM64.Build.0 = Debug|x64
		{6DE43CE9-140E-4312-8AE9-8AD045B962FC}.Debug|x64.ActiveCfg = Debug|x64
		{6DE43CE9-140E-4312-8AE9-8AD045B962FC}.Debug|x64.Build.0 = Debug|x64
		{6DE43CE9-140E-4312-8AE9-8AD045B962FC}.Debug|x86.ActiveCfg = Debug|Win32
		{6DE43CE9-140E-4312-8AE9-8AD045B962FC}.Debug|x86.Build.0 = Debug|Win32
		{6DE43CE9-140E-4312-8AE9-8AD045B962FC}.Release|Any CPU.ActiveCfg = Release|x64
		{6DE43CE9-140E-4312-8AE9-8AD045B962FC}.Release|Any CPU.Build.0 = Release|x64
		{6DE43CE9-140E-4312-8AE9-8AD045B962FC}.Release|ARM.ActiveCfg = Release|x64
		{6DE43CE9-140E-4312-8AE9-8AD045B962FC}.Release|ARM.Build.0 = Release|x64
		{6DE43CE9-140E-4312-8AE9-8AD045B962FC}.Release|ARM64.ActiveCfg = Release|x64
		{6DE43CE9-140E-4312-8AE9-8AD045B962FC}.Release|ARM64.Build.0 = Release|x64
		{6DE43CE9-140E-4312-8AE9-8AD045B962FC}.Release|x64.ActiveCfg = Release|x64
		{6DE43CE9-140E-4312-8AE9-8AD045B962FC}.Release|x64.Build.0 = Release|x64
		{6DE43CE9-140E-4312-8AE9-8AD045B962FC}.Release|x86.ActiveCfg = Release|Win32
		{6DE43CE9-140E-4312-8AE9-8AD045B962FC}.Release|x86.Build.0 = Release|Win32
		{9CCB9DF7-81DC-411B-ADB2-8ECF320EFD61}.Debug|Any CPU.ActiveCfg = Debug|x64
		{9CCB9DF7-81DC-411B-ADB2-8ECF320EFD61}.Debug|Any CPU.Build.0 = Debug|x64
		{9CCB9DF7-81DC-411B-ADB2-8ECF320EFD61}.Debug|ARM.ActiveCfg = Debug|x64
		{9CCB9DF7-81DC-411B-ADB2-8ECF320EFD61}.Debug|ARM.Build.0 = Debug|x64
		{9CCB9DF7-81DC-411B-ADB2-8ECF320EFD61}.Debug|ARM64.ActiveCfg = Debug|x64
		{9CCB9DF7-81DC-411B-ADB2-8ECF320EFD61}.Debug|ARM64.Build.0 = Debug|x64
		{9CCB9DF7-81DC-411B-ADB2-8ECF320EFD61}.Debug|x64.ActiveCfg = Debug|x64
		{9CCB9DF7-81DC-411B-ADB2-8ECF320EFD61}.Debug|x64.Build.0 = Debug|x64
		{9CCB9DF7-81DC-411B-ADB2-8ECF320EFD61}.Debug|x86.ActiveCfg = Debug|Win32
		{9CCB9DF7-81DC-411B-ADB2-8ECF320EFD61}.Debug|x86.Build.0 = Debug|Win32
		{9CCB9DF7-81DC-411B-ADB2-8ECF320EFD61}.Release|Any CPU.ActiveCfg = Release|x64
		{9CCB9DF7-81DC-411B-ADB2-8ECF320EFD61}.Release|Any CPU.Build.0 = Release|x64
		{9CCB9DF7-81DC-411B-ADB2-8ECF320EFD61}.Release|ARM.ActiveCfg = Release|x64
		{9CCB9DF7-81DC-411B-ADB2-8ECF320EFD61}.Release|ARM.Build.0 = Release|x64
		{9CCB9DF7-81DC-411B-ADB2-8ECF320EFD61}.Release|ARM64.ActiveCfg = Release|x64
		{9CCB9DF7-81DC-411B-ADB2-8ECF320EFD61}.Release|ARM64.Build.0 = Release|x64
		{9CCB9DF7-81DC-411B-ADB2-8ECF320EFD61}.Release|x64.ActiveCfg = Release|x64
		{9CCB9DF7-81DC-411B-ADB2-8ECF320EFD61}.Release|x64.Build.0 = Release|x64
		{9CCB9DF7-81DC-411B-ADB2-8ECF320EFD61}.Release|x86.ActiveCfg = Release|Win32
		{9CCB9DF7-81DC-411B-ADB2-8ECF320EFD61}.Release|x86.Build.0 = Release|Win32
		{43A45140-16D2-4675-847D-243B3FDD5F44}.Debug|Any CPU.ActiveCfg = Debug|x64
		{43A45140-16D2-4675-847D-243B3FDD5F44}.Debug|Any CPU.Build.0 = Debug|x64
		{43A45140-16D2-4675-847D-243B3FDD5F44}.Debug|ARM.ActiveCfg = Debug|x64
		{43A45140-16D2-4675-847D-243B3FDD5F44}.Debug|ARM.Build.0 = Debug|x64
		{43A45140-16D2-4675-847D-243B3FDD5F44}.Debug|ARM64.ActiveCfg = Debug|x64
		{43A45140-16D2-4675-847D-243B3FDD5F44}.Debug|ARM64.Build.0 = Debug|x64
		{43A45140-16D2-4675-847D-243B3FDD5F44}.Debug|x64.ActiveCfg = Debug|x64
		{43A45140-16D2-4675-847D-243B3FDD5F44}.Debug|x64.Build.0 = Debug|x64
		{43A45140-16D2-4675-847D-243B3FDD5F44}.Debug|x86.ActiveCfg = Debug|Win32
		{43A45140-16D2-4675-847D-243B3FDD5F44}.Debug|x86.Build.0 = Debug|Win32
		{43A45140-16D2-4675-847D-243B3FDD5F44}.Release|Any CPU.ActiveCfg = Release|x64
		{43A45140-16D2-4675-847D-243B3FDD5F44}.Release|Any CPU.Build.0 = Release|x64
		{43A45140-16D2-4675-847D-243B3FDD5F44}.Release|ARM.ActiveCfg = Release|x64
		{43A45140-16D2-4675-847D-243B3FDD5F44}.Release|ARM.Build.0 = Release|x64
		{43A45140-16D2-4675-847D-243B3FDD5F44}.Release|ARM64.ActiveCfg = Release|x64
		{43A45140-16D2-4675-847D-243B3FDD5F44}.Release|ARM64.Build.0 = Release|x64
		{43A45140-16D2-4675-847D-243B3FDD5F44}.Release|x64.ActiveCfg = Release|x64
		{43A45140-16D2-4675-847D-243B3FDD5F44}.Release|x64.Build.0 = Release|x64
		{43A45140-16D2-4675-847D-243B3FDD5F44}.Release|x86.ActiveCfg = Release|Win32
		{43A45140-16D2-4675-847D-243B3FDD5F44}.Release|x86.Build.0 = Release|Win32
		{B7D6ACA4-E56C-4748-9BEF-99B058342EC4}.Debug|Any CPU.ActiveCfg = Debug|x64
		{B7D6ACA4-E56C-4748-9BEF-99B058342EC4}.Debug|Any CPU.Build.0 = Debug|x64
		{B7D6ACA4-E56C-4748-9BEF-99B058342EC4}.Debug|ARM.ActiveCfg = Debug|x64
		{B7D6ACA4-E56C-4748-9BEF-99B058342EC4}.Debug|ARM.Build.0 = Debug|x64
		{B7D6ACA4-E56C-4748-9BEF-99B058342EC4}.Debug|ARM64.ActiveCfg = Debug|x64
		{B7D6ACA4-E56C-4748-9BEF-99B058342EC4}.Debug|ARM64.Build.0 = Debug|x64
		{B7D6ACA4-E56C-4748-9BEF-99B058342EC4}.Debug|x64.ActiveCfg = Debug|x64
		{B7D6ACA4-E56C-4748-9BEF-99B058342EC4}.Debug|x64.Build.0 = Debug|x64
		{B7D6ACA4-E56C-4748-9BEF-99B058342EC4}.Debug|x86.ActiveCfg = Debug|Win32
		{B7D6ACA4-E56C-4748-9BEF-99B058342EC4}.Debug|x86.Build.0 = Debug|Win32
		{B7D6ACA4-E56C-4748-9BEF-99B058342EC4}.Release|Any CPU.ActiveCfg = Release|x64
		{B7D6ACA4-E56C-4748-9BEF-99B058342EC4}.Release|Any CPU.Build.0 = Release|x64
		{B7D6ACA4-E56C-4748-9BEF-99B058342EC4}.Release|ARM.ActiveCfg = Release|x64
		{B7D6ACA4-E56C-4748-9BEF-99B058342EC4}.Release|ARM.Build.0 = Release|x64
		{B7D6ACA4-E56C-4748-9BEF-99B058342EC4}.Release|ARM64.ActiveCfg = Release|x64
		{B7D6ACA4-E56C-4748-9BEF-99B058342EC4}.Release|ARM64.Build.0 = Release|x64
		{B7D6ACA4-E56C-4748-9BEF-99B058342EC4}.Release|x64.ActiveCfg = Release|x64
		{B7D6ACA4-E56C-4748-9BEF-99B058342EC4}.Release|x64.Build.0 = Release|x64
		{B7D6ACA4-E56C-4748-9BEF-99B058342EC4}.Release|x86.ActiveCfg = Release|Win32
		{B7D6ACA4-E56C-4748-9BEF-99B058342EC4}.Release|x86.Build.0 = Release|Win32
		{D58390F2-EBE0-414E-A884-7D4542B34F23}.Debug|Any CPU.ActiveCfg = Debug|x64
		{D58390F2-EBE0-414E-A884-7D4542B34F23}.Debug|Any CPU.Build.0 = Debug|x64
		{D58390F2-EBE0-414E-A884-7D4542B34F23}.Debug|ARM.ActiveCfg = Debug|x64
		{D58390F2-EBE0-414E-A884-7D4542B34F23}.Debug|ARM.Build.0 = Debug|x64
		{D58390F2-EBE0-414E-A884-7D4542B34F23}.Debug|ARM64.ActiveCfg = Debug|x64
		{D58390F2-EBE0-414E-A884-7D4542B34F23}.Debug|ARM64.Build.0 = Debug|x64
		{D58390F2-EBE0-414E-A884-7D4542B34F23}.Debug|x64.ActiveCfg = Debug|x64
		{D58390F2-EBE0-414E-A884-7D4542B34F23}.Debug|x64.Build.0 = Debug|x64
		{D58390F2-EBE0-414E-A884-7D4542B34F23}.Debug|x86.ActiveCfg = Debug|Win32
		{D58390F2-EBE0-414E-A884-7D4542B34F23}.Debug|x86.Build.0 = Debug|Win32
		{D58390F2-EBE0-414E-A884-7D4542B34F23}.Release|Any CPU.ActiveCfg = Release|x64
		{D58390F2-EBE0-414E-A884-7D4542B34F23}.Release|Any CPU.Build.0 = Release|x64
		{D58390F2-EBE0-414E-A884-7D4542B34F23}.Release|ARM.ActiveCfg = Release|x64
		{D58390F2-EBE0-414E-A884-7D4542B34F23}.Release|ARM.Build.0 = Release|x64
		{D58390F2-EBE0-414E-A884-7D4542B34F23}.Release|ARM64.ActiveCfg = Release|x64
		{D58390F2-EBE0-414E-A884-7D4542B34F23}.Release|ARM64.Build.0 = Release|x64
		{D58390F2-EBE0-414E-A884-7D4542B34F23}.Release|x64.ActiveCfg = Release|x64
		{D58390F2-EBE0-414E-A884-7D4542B34F23}.Release|x64.Build.0 = Release|x64
		{D58390F2-EBE0-414E-A884-7D4542B34F23}.Release|x86.ActiveCfg = Release|Win32
		{D58390F2-EBE0-414E-A884-7D4542B34F23}.Release|x86.Build.0 = Release|Win32
		{DEE0B929-D4C3-405D-8443-E5DE2CEDCB70}.Debug|Any CPU.ActiveCfg = Debug|x64
		{DEE0B929-D4C3-405D-8443-E5DE2CEDCB70}.Debug|Any CPU.Build.0 = Debug|x64
		{DEE0B929-D4C3-405D-8443-E5DE2CEDCB70}.Debug|ARM.ActiveCfg = Debug|x64
		{DEE0B929-D4C3-405D-8443-E5DE2CEDCB70}.Debug|ARM.Build.0 = Debug|x64
		{DEE0B929-D4C3-405D-8443-E5DE2CEDCB70}.Debug|ARM64.ActiveCfg = Debug|x64
		{DEE0B929-D4C3-405D-8443-E5DE2CEDCB70}.Debug|ARM64.Build.0 = Debug|x64
		{DEE0B929-D4C3-405D-8443-E5DE2CEDCB70}.Debug|x64.ActiveCfg = Debug|x64
		{DEE0B929-D4C3-405D-8443-E5DE2CEDCB70}.Debug|x64.Build.0 = Debug|x64
		{DEE0B929-D4C3-405D-8443-E5DE2CEDCB70}.Debug|x86.ActiveCfg = Debug|Win32
		{DEE0B929-D4C3-405D-8443-E5DE2CEDCB70}.Debug|x86.Build.0 = Debug|Win32
		{DEE0B929-D4C3-405D-8443-E5DE2CEDCB70}.Release|Any CPU.ActiveCfg = Release|x64
		{DEE0B929-D4C3-405D-8443-E5DE2CEDCB70}.Release|Any CPU.Build.0 = Release|x64
		{DEE0B929-D4C3-405D-8443-E5DE2CEDCB70}.Release|ARM.ActiveCfg = Release|x64
		{DEE0B929-D4C3-405D-8443-E5DE2CEDCB70}.Release|ARM.Build.0 = Release|x64
		{DEE0B929-D4C3-405D-8443-E5DE2CEDCB70}.Release|ARM64.ActiveCfg = Release|x64
		{DEE0B929-D4C3-405D-8443-E5DE2CEDCB70}.Release|ARM64.Build.0 = Release|x64
		{DEE0B929-D4C3-405D-8443-E5DE2CEDCB70}.Release|x64.ActiveCfg = Release|x64
		{DEE0B929-D4C3-405D-8443-E5DE2CEDCB70}.Release|x64.Build.0 = Release|x64
		{DEE0B929-D4C3-405D-8443-E5DE2CEDCB70}.Release|x86.ActiveCfg = Release|Win32
		{DEE0B929-D4C3-405D-8443-E5DE2CEDCB70}.Release|x86.Build.0 = Release|Win32
		{7ADD08A7-A895-4D7A-B55C-4C846C635B53}.Debug|Any CPU.ActiveCfg = Debug|x64
		{7ADD08A7-A895-4D7A-B55C-4C846C635B53}.Debug|Any CPU.Build.0 = Debug|x64
		{7ADD08A7-A895-4D7A-B55C-4C846C635B53}.Debug|ARM.ActiveCfg = Debug|x64
		{7ADD08A7-A895-4D7A-B55C-4C846C635B53}.Debug|ARM.Build.0 = Debug|x64
		{7ADD08A7-A895-4D7A-B55C-4C846C635B53}.Debug|ARM64.ActiveCfg = Debug|x64
		{7ADD08A7-A895-4D7A-B55C-4C846C635B53}.Debug|ARM64.Build.0 = Debug|x64
		{7ADD08A7-A895-4D7A-B55C-4C846C635B53}.Debug|x64.ActiveCfg = Debug|x64
		{7ADD08A7-A895-4D7A-B55C-4C846C635B53}.Debug|x64.Build.0 = Debug|x64
		{7ADD08A7-A895-4D7A-B55C-4C846C635B53}.Debug|x86.ActiveCfg = Debug|Win32
		{7ADD08A7-A895-4D7A-B55C-4C846C635B53}.Debug|x86.Build.0 = Debug|Win32
		{7ADD08A7-A895-4D7A-B55C-4C846C635B53}.Release|Any CPU.ActiveCfg = Release|x64
		{7ADD08A7-A895-4D7A-B55C-4C846C635B53}.Release|Any CPU.Build.0 = Release|x64
		{7ADD08A7-A895-4D7A-B55C-4C846C635B53}.Release|ARM.ActiveCfg = Release|x64
		{7ADD08A7-A895-4D7A-B55C-4C846C635B53}.Release|ARM.Build.0 = Release|x64
		{7ADD08A7-A895-4D7A-B55C-4C846C635B53}.Release|ARM64.ActiveCfg = Release|x64
		{7ADD08A7-A895-4D7A-B55C-4C846C635B53}.Release|ARM64.Build.0 = Release|x64
		{7ADD08A7-A895-4D7A-B55C-4C846C635B53}.Release|x64.ActiveCfg = Release|x64
		{7ADD08A7-A895-4D7A-B55C-4C846C635B53}.Release|x64.Build.0 = Release|x64
		{7ADD08A7-A895-4D7A-B55C-4C846C635B53}.Release|x86.ActiveCfg = Release|Win32
		{7ADD08A7-A895-4D7A-B55C-4C846C635B53}.Release|x86.Build.0 = Release|Win32
	EndGlobalSection
	GlobalSection(SolutionProperties) = preSolution
		HideSolutionNode = FALSE
	EndGlobalSection
	GlobalSection(NestedProjects) = preSolution
		{5623EF16-4576-4CC0-A574-C7E46050A793} = {247F28EB-2823-4986-80F4-6499A2973CCA}
		{ACDD2BF5-15E7-4BE5-9663-1BF497E36E0B} = {247F28EB-2823-4986-80F4-6499A2973CCA}
		{D3589C2F-0963-420E-B466-B0B20C443AC7} = {DD5F2952-1069-4BF9-A28E-2D6B028A0712}
		{EEB83EBB-738A-4383-ACCB-E749DCD938FB} = {247F28EB-2823-4986-80F4-6499A2973CCA}
		{985AFEC7-5798-4659-99BD-C2E227D1687B} = {DD5F2952-1069-4BF9-A28E-2D6B028A0712}
		{8C37470F-FE0C-4AAD-8F46-054F356C2848} = {DD5F2952-1069-4BF9-A28E-2D6B028A0712}
		{F6507D15-D34C-4DFA-8C90-EBEE7B4D80B8} = {247F28EB-2823-4986-80F4-6499A2973CCA}
		{7C700A24-3DDD-4A93-8501-BAF6EA6339A0} = {DD5F2952-1069-4BF9-A28E-2D6B028A0712}
		{1188415B-82AE-40D7-B630-F90F73C61BA8} = {DD5F2952-1069-4BF9-A28E-2D6B028A0712}
		{E27B042C-215C-46FB-8F55-2DB796243D38} = {092D459D-86A8-4AD4-B263-C4F1F6E9344A}
		{0F247502-7125-43E4-921C-4032EFD58E29} = {092D459D-86A8-4AD4-B263-C4F1F6E9344A}
		{A1ECED1C-4FF1-4596-8AA2-9FDEF2328910} = {5568050F-4FB7-4787-B2F8-2BF58F1C923F}
		{ACDA9929-26F1-421F-A828-7194A41A58F3} = {5568050F-4FB7-4787-B2F8-2BF58F1C923F}
		{886ADF18-B9A4-4445-BD02-1C15D0EFEB6B} = {5568050F-4FB7-4787-B2F8-2BF58F1C923F}
		{6DE43CE9-140E-4312-8AE9-8AD045B962FC} = {5568050F-4FB7-4787-B2F8-2BF58F1C923F}
		{9CCB9DF7-81DC-411B-ADB2-8ECF320EFD61} = {092D459D-86A8-4AD4-B263-C4F1F6E9344A}
		{43A45140-16D2-4675-847D-243B3FDD5F44} = {092D459D-86A8-4AD4-B263-C4F1F6E9344A}
		{B7D6ACA4-E56C-4748-9BEF-99B058342EC4} = {5568050F-4FB7-4787-B2F8-2BF58F1C923F}
		{D58390F2-EBE0-414E-A884-7D4542B34F23} = {5568050F-4FB7-4787-B2F8-2BF58F1C923F}
		{DEE0B929-D4C3-405D-8443-E5DE2CEDCB70} = {5568050F-4FB7-4787-B2F8-2BF58F1C923F}
		{7ADD08A7-A895-4D7A-B55C-4C846C635B53} = {5568050F-4FB7-4787-B2F8-2BF58F1C923F}
	EndGlobalSection
	GlobalSection(ExtensibilityGlobals) = postSolution
		SolutionGuid = {9A074AAC-025F-4337-A670-1EA74C50FF59}
	EndGlobalSection
EndGlobal
