<?xml version="1.0" encoding="utf-8"?>
<Project ToolsVersion="4.0" xmlns="http://schemas.microsoft.com/developer/msbuild/2003">
  <ItemGroup>
    <Filter Include="Source Files">
      <UniqueIdentifier>{e0f1a37c-746d-4236-a206-9043a769587d}</UniqueIdentifier>
    </Filter>
    <Filter Include="Header Files">
      <UniqueIdentifier>{95db0b69-e9f2-43c8-98a0-0098c71c4dfb}</UniqueIdentifier>
    </Filter>
    <Filter Include="Header Files\Kernel">
      <UniqueIdentifier>{447cd205-f15b-4791-884f-af7bf00424c6}</UniqueIdentifier>
    </Filter>
    <Filter Include="Header Files\Tests">
      <UniqueIdentifier>{b3ce3a33-a717-44a1-81ac-ef3bbbe34dea}</UniqueIdentifier>
    </Filter>
    <Filter Include="Source Files\Kernel">
      <UniqueIdentifier>{6c4ced70-c9ce-4667-a238-49e5949a969f}</UniqueIdentifier>
    </Filter>
    <Filter Include="Source Files\Tests">
      <UniqueIdentifier>{b588646b-15d4-42d6-bff3-84f78c103f47}</UniqueIdentifier>
    </Filter>
    <Filter Include="Header Files\Libraries">
      <UniqueIdentifier>{1704ea86-22a9-4d70-b9ff-6ee0027c125a}</UniqueIdentifier>
    </Filter>
    <Filter Include="Library Files">
      <UniqueIdentifier>{bbb580a4-6f71-41e5-91e2-162db655d88c}</UniqueIdentifier>
    </Filter>
  </ItemGroup>
  <ItemGroup>
    <ClCompile Include="src\Kernel\Console.cpp">
      <Filter>Source Files\Kernel</Filter>
    </ClCompile>
    <ClCompile Include="src\Kernel\Buffer.cpp">
      <Filter>Source Files\Kernel</Filter>
    </ClCompile>
    <ClCompile Include="src\Kernel\Events.cpp">
      <Filter>Source Files\Kernel</Filter>
    </ClCompile>
    <ClCompile Include="test\buffer_CPP_API.cpp">
      <Filter>Source Files\Tests</Filter>
    </ClCompile>
    <ClCompile Include="test\buffer.cpp">
      <Filter>Source Files\Tests</Filter>
    </ClCompile>
    <ClCompile Include="src\main.cpp">
      <Filter>Source Files</Filter>
    </ClCompile>
    <ClCompile Include="src\Kernel\MemoryAllocator.cpp">
      <Filter>Source Files\Kernel</Filter>
    </ClCompile>
    <ClCompile Include="test\userMain.cpp">
      <Filter>Source Files\Tests</Filter>
    </ClCompile>
    <ClCompile Include="src\Kernel\Timer.cpp">
      <Filter>Source Files\Kernel</Filter>
    </ClCompile>
    <ClCompile Include="src\Kernel\Thread.cpp">
      <Filter>Source Files\Kernel</Filter>
    </ClCompile>
    <ClCompile Include="src\Kernel\Semaphore.cpp">
      <Filter>Source Files\Kernel</Filter>
    </ClCompile>
    <ClCompile Include="src\Kernel\Scheduler.cpp">
      <Filter>Source Files\Kernel</Filter>
    </ClCompile>
    <ClCompile Include="src\Kernel\Syscalls.cpp">
      <Filter>Source Files\Kernel</Filter>
    </ClCompile>
    <ClCompile Include="src\syscall_cpp.cpp">
      <Filter>Source Files</Filter>
    </ClCompile>
    <ClCompile Include="src\syscall_c.cpp">
      <Filter>Source Files</Filter>
    </ClCompile>
    <ClCompile Include="test\printing.cpp">
      <Filter>Source Files\Tests</Filter>
    </ClCompile>
  </ItemGroup>
  <ItemGroup>
    <ClInclude Include="h\Kernel\Console.hpp">
      <Filter>Header Files\Kernel</Filter>
    </ClInclude>
    <ClInclude Include="h\Kernel\Buffer.hpp">
      <Filter>Header Files\Kernel</Filter>
    </ClInclude>
    <ClInclude Include="lib\hw.h">
      <Filter>Header Files\Libraries</Filter>
    </ClInclude>
    <ClInclude Include="test\ConsumerProducer_CPP_Sync_API_test.hpp">
      <Filter>Header Files\Tests</Filter>
    </ClInclude>
    <ClInclude Include="test\ConsumerProducer_C_API_test.h">
      <Filter>Header Files\Tests</Filter>
    </ClInclude>
    <ClInclude Include="test\ConsumerProducer_CPP_API_test.hpp">
      <Filter>Header Files\Tests</Filter>
    </ClInclude>
    <ClInclude Include="test\buffer_CPP_API.hpp">
      <Filter>Header Files\Tests</Filter>
    </ClInclude>
    <ClInclude Include="test\buffer.hpp">
      <Filter>Header Files\Tests</Filter>
    </ClInclude>
    <ClInclude Include="h\Kernel\MemoryAllocator.hpp">
      <Filter>Header Files\Kernel</Filter>
    </ClInclude>
    <ClInclude Include="h\Kernel\Singleton.hpp">
      <Filter>Header Files\Kernel</Filter>
    </ClInclude>
    <ClInclude Include="h\Kernel\Semaphore.hpp">
      <Filter>Header Files\Kernel</Filter>
    </ClInclude>
    <ClInclude Include="h\Kernel\Scheduler.hpp">
      <Filter>Header Files\Kernel</Filter>
    </ClInclude>
    <ClInclude Include="h\Kernel\Syscalls.hpp">
      <Filter>Header Files\Kernel</Filter>
    </ClInclude>
    <ClInclude Include="h\Kernel\Thread.hpp">
      <Filter>Header Files\Kernel</Filter>
    </ClInclude>
    <ClInclude Include="h\Kernel\Timer.hpp">
      <Filter>Header Files\Kernel</Filter>
    </ClInclude>
    <ClInclude Include="h\Kernel\Trap.hpp">
      <Filter>Header Files\Kernel</Filter>
    </ClInclude>
    <ClInclude Include="lib\mem.h">
      <Filter>Header Files\Libraries</Filter>
    </ClInclude>
    <ClInclude Include="lib\console.h">
      <Filter>Header Files\Libraries</Filter>
    </ClInclude>
    <ClInclude Include="h\syscall_cpp.hpp">
      <Filter>Header Files</Filter>
    </ClInclude>
    <ClInclude Include="h\syscall_c.h">
      <Filter>Header Files</Filter>
    </ClInclude>
    <ClInclude Include="test\printing.hpp">
      <Filter>Header Files\Tests</Filter>
    </ClInclude>
    <ClInclude Include="test\ThreadSleep_C_API_test.hpp">
      <Filter>Header Files\Tests</Filter>
    </ClInclude>
    <ClInclude Include="test\Threads_C_API_test.hpp">
      <Filter>Header Files\Tests</Filter>
    </ClInclude>
    <ClInclude Include="test\Threads_CPP_API_test.hpp">
      <Filter>Header Files\Tests</Filter>
    </ClInclude>
  </ItemGroup>
  <ItemGroup>
    <None Include=".gdbinit.tmpl-riscv" />
    <None Include="kernel.ld" />
    <None Include="LICENSE" />
    <None Include="Makefile" />
    <None Include="src\Kernel\Trap.S">
      <Filter>Source Files\Kernel</Filter>
    </None>
    <None Include="test\lock.S">
      <Filter>Source Files\Tests</Filter>
    </None>
    <None Include="Dockerfile" />
  </ItemGroup>
  <ItemGroup>
    <Library Include="lib\console.lib">
      <Filter>Library Files</Filter>
    </Library>
    <Library Include="lib\hw.lib">
      <Filter>Library Files</Filter>
    </Library>
    <Library Include="lib\mem.lib">
      <Filter>Library Files</Filter>
    </Library>
  </ItemGroup>
</Project>